
Microsoft Visual Studio Solution File, Format Version 12.00
# Visual Studio 2013
VisualStudioVersion = 12.0.40629.0
MinimumVisualStudioVersion = 10.0.40219.1
Project("{CC5FD16D-436D-48AD-A40C-5A424C6E3E79}") = "Azure.CloudService.Documents", "Azure.CloudService.Documents\Azure.CloudService.Documents.ccproj", "{89F4A0B0-4405-40B4-A63F-8B65FA265D22}"
EndProject
Project("{FAE04EC0-301F-11D3-BF4B-00C04F79EFBC}") = "Azure.WebRole.Routing", "Azure.WebRole.Routing\Azure.WebRole.Routing.csproj", "{E8288E9A-0548-4FAD-8759-3A29251E9F7F}"
EndProject
Project("{FAE04EC0-301F-11D3-BF4B-00C04F79EFBC}") = "Azure.WebRole.DocumentSite", "Azure.WebRole.DocumentSite\Azure.WebRole.DocumentSite.csproj", "{197B9CBD-4E69-4B81-B493-5F74A6B34878}"
EndProject
Project("{2150E333-8FDC-42A3-9474-1A3956D46DE8}") = "DevExpress.Azure", "DevExpress.Azure", "{4D0EA3D8-D7B6-41A9-8802-43DD5E1668E1}"
EndProject
Project("{FAE04EC0-301F-11D3-BF4B-00C04F79EFBC}") = "DB.Documents.DAL", "DB.Documents.DAL\DB.Documents.DAL.csproj", "{670D04A7-BBF6-449C-A7F4-20FDE81AE2AE}"
EndProject
Project("{FAE04EC0-301F-11D3-BF4B-00C04F79EFBC}") = "DevExpress.Web.OfficeAzureCommunication", "DevExpress.Web.OfficeAzureCommunication\DevExpress.Web.OfficeAzureCommunication.csproj", "{A64B35E9-B19B-4F4F-8B05-CEC6A7071C4B}"
EndProject
Project("{FAE04EC0-301F-11D3-BF4B-00C04F79EFBC}") = "DevExpress.Web.OfficeAzureDocumentServer", "DevExpress.Web.OfficeAzureDocumentServer\DevExpress.Web.OfficeAzureDocumentServer.csproj", "{F500505A-F0B5-407D-8FDE-0F398CEF6B09}"
EndProject
Project("{FAE04EC0-301F-11D3-BF4B-00C04F79EFBC}") = "DevExpress.Web.OfficeAzureRoutingServer", "DevExpress.Web.OfficeAzureRoutingServer\DevExpress.Web.OfficeAzureRoutingServer.csproj", "{40DFFFE8-29A0-4736-82E0-94F65AA8F58E}"
EndProject
Project("{FAE04EC0-301F-11D3-BF4B-00C04F79EFBC}") = "DevExpress.Web.DatabaseHibernationProvider", "DevExpress.Web.DatabaseHibernationProvider\DevExpress.Web.DatabaseHibernationProvider.csproj", "{7D9ADD81-188E-4754-8201-717A401B97DD}"
EndProject
Global
	GlobalSection(SolutionConfigurationPlatforms) = preSolution
		Debug|Any CPU = Debug|Any CPU
		DebugDiscover|Any CPU = DebugDiscover|Any CPU
		DebugTest_PdfMetafile|Any CPU = DebugTest_PdfMetafile|Any CPU
		DebugTest|Any CPU = DebugTest|Any CPU
		DebugTestTrial|Any CPU = DebugTestTrial|Any CPU
		DebugTestWithGAC|Any CPU = DebugTestWithGAC|Any CPU
		DebugWithGAC|Any CPU = DebugWithGAC|Any CPU
		DebugWithGACResetIIS|Any CPU = DebugWithGACResetIIS|Any CPU
		PerformanceTest|Any CPU = PerformanceTest|Any CPU
		Release|Any CPU = Release|Any CPU
		SMALLDEBUGTEST|Any CPU = SMALLDEBUGTEST|Any CPU
	EndGlobalSection
	GlobalSection(ProjectConfigurationPlatforms) = postSolution
		{89F4A0B0-4405-40B4-A63F-8B65FA265D22}.Debug|Any CPU.ActiveCfg = Debug|Any CPU
		{89F4A0B0-4405-40B4-A63F-8B65FA265D22}.Debug|Any CPU.Build.0 = Debug|Any CPU
		{89F4A0B0-4405-40B4-A63F-8B65FA265D22}.DebugDiscover|Any CPU.ActiveCfg = Debug|Any CPU
		{89F4A0B0-4405-40B4-A63F-8B65FA265D22}.DebugDiscover|Any CPU.Build.0 = Debug|Any CPU
		{89F4A0B0-4405-40B4-A63F-8B65FA265D22}.DebugTest_PdfMetafile|Any CPU.ActiveCfg = Debug|Any CPU
		{89F4A0B0-4405-40B4-A63F-8B65FA265D22}.DebugTest_PdfMetafile|Any CPU.Build.0 = Debug|Any CPU
		{89F4A0B0-4405-40B4-A63F-8B65FA265D22}.DebugTest|Any CPU.ActiveCfg = Debug|Any CPU
		{89F4A0B0-4405-40B4-A63F-8B65FA265D22}.DebugTest|Any CPU.Build.0 = Debug|Any CPU
		{89F4A0B0-4405-40B4-A63F-8B65FA265D22}.DebugTestTrial|Any CPU.ActiveCfg = Debug|Any CPU
		{89F4A0B0-4405-40B4-A63F-8B65FA265D22}.DebugTestTrial|Any CPU.Build.0 = Debug|Any CPU
		{89F4A0B0-4405-40B4-A63F-8B65FA265D22}.DebugTestWithGAC|Any CPU.ActiveCfg = Debug|Any CPU
		{89F4A0B0-4405-40B4-A63F-8B65FA265D22}.DebugTestWithGAC|Any CPU.Build.0 = Debug|Any CPU
		{89F4A0B0-4405-40B4-A63F-8B65FA265D22}.DebugWithGAC|Any CPU.ActiveCfg = Debug|Any CPU
		{89F4A0B0-4405-40B4-A63F-8B65FA265D22}.DebugWithGAC|Any CPU.Build.0 = Debug|Any CPU
		{89F4A0B0-4405-40B4-A63F-8B65FA265D22}.DebugWithGACResetIIS|Any CPU.ActiveCfg = Debug|Any CPU
		{89F4A0B0-4405-40B4-A63F-8B65FA265D22}.DebugWithGACResetIIS|Any CPU.Build.0 = Debug|Any CPU
		{89F4A0B0-4405-40B4-A63F-8B65FA265D22}.PerformanceTest|Any CPU.ActiveCfg = Release|Any CPU
		{89F4A0B0-4405-40B4-A63F-8B65FA265D22}.PerformanceTest|Any CPU.Build.0 = Release|Any CPU
		{89F4A0B0-4405-40B4-A63F-8B65FA265D22}.Release|Any CPU.ActiveCfg = Release|Any CPU
		{89F4A0B0-4405-40B4-A63F-8B65FA265D22}.Release|Any CPU.Build.0 = Release|Any CPU
		{89F4A0B0-4405-40B4-A63F-8B65FA265D22}.SMALLDEBUGTEST|Any CPU.ActiveCfg = Release|Any CPU
		{89F4A0B0-4405-40B4-A63F-8B65FA265D22}.SMALLDEBUGTEST|Any CPU.Build.0 = Release|Any CPU
		{E8288E9A-0548-4FAD-8759-3A29251E9F7F}.Debug|Any CPU.ActiveCfg = Debug|Any CPU
		{E8288E9A-0548-4FAD-8759-3A29251E9F7F}.Debug|Any CPU.Build.0 = Debug|Any CPU
		{E8288E9A-0548-4FAD-8759-3A29251E9F7F}.DebugDiscover|Any CPU.ActiveCfg = Debug|Any CPU
		{E8288E9A-0548-4FAD-8759-3A29251E9F7F}.DebugDiscover|Any CPU.Build.0 = Debug|Any CPU
		{E8288E9A-0548-4FAD-8759-3A29251E9F7F}.DebugTest_PdfMetafile|Any CPU.ActiveCfg = Debug|Any CPU
		{E8288E9A-0548-4FAD-8759-3A29251E9F7F}.DebugTest_PdfMetafile|Any CPU.Build.0 = Debug|Any CPU
		{E8288E9A-0548-4FAD-8759-3A29251E9F7F}.DebugTest|Any CPU.ActiveCfg = Debug|Any CPU
		{E8288E9A-0548-4FAD-8759-3A29251E9F7F}.DebugTest|Any CPU.Build.0 = Debug|Any CPU
		{E8288E9A-0548-4FAD-8759-3A29251E9F7F}.DebugTestTrial|Any CPU.ActiveCfg = Debug|Any CPU
		{E8288E9A-0548-4FAD-8759-3A29251E9F7F}.DebugTestTrial|Any CPU.Build.0 = Debug|Any CPU
		{E8288E9A-0548-4FAD-8759-3A29251E9F7F}.DebugTestWithGAC|Any CPU.ActiveCfg = Debug|Any CPU
		{E8288E9A-0548-4FAD-8759-3A29251E9F7F}.DebugTestWithGAC|Any CPU.Build.0 = Debug|Any CPU
		{E8288E9A-0548-4FAD-8759-3A29251E9F7F}.DebugWithGAC|Any CPU.ActiveCfg = Debug|Any CPU
		{E8288E9A-0548-4FAD-8759-3A29251E9F7F}.DebugWithGAC|Any CPU.Build.0 = Debug|Any CPU
		{E8288E9A-0548-4FAD-8759-3A29251E9F7F}.DebugWithGACResetIIS|Any CPU.ActiveCfg = Debug|Any CPU
		{E8288E9A-0548-4FAD-8759-3A29251E9F7F}.DebugWithGACResetIIS|Any CPU.Build.0 = Debug|Any CPU
		{E8288E9A-0548-4FAD-8759-3A29251E9F7F}.PerformanceTest|Any CPU.ActiveCfg = Release|Any CPU
		{E8288E9A-0548-4FAD-8759-3A29251E9F7F}.PerformanceTest|Any CPU.Build.0 = Release|Any CPU
		{E8288E9A-0548-4FAD-8759-3A29251E9F7F}.Release|Any CPU.ActiveCfg = Release|Any CPU
		{E8288E9A-0548-4FAD-8759-3A29251E9F7F}.Release|Any CPU.Build.0 = Release|Any CPU
		{E8288E9A-0548-4FAD-8759-3A29251E9F7F}.SMALLDEBUGTEST|Any CPU.ActiveCfg = Release|Any CPU
		{E8288E9A-0548-4FAD-8759-3A29251E9F7F}.SMALLDEBUGTEST|Any CPU.Build.0 = Release|Any CPU
		{197B9CBD-4E69-4B81-B493-5F74A6B34878}.Debug|Any CPU.ActiveCfg = Debug|Any CPU
		{197B9CBD-4E69-4B81-B493-5F74A6B34878}.Debug|Any CPU.Build.0 = Debug|Any CPU
		{197B9CBD-4E69-4B81-B493-5F74A6B34878}.DebugDiscover|Any CPU.ActiveCfg = Debug|Any CPU
		{197B9CBD-4E69-4B81-B493-5F74A6B34878}.DebugDiscover|Any CPU.Build.0 = Debug|Any CPU
		{197B9CBD-4E69-4B81-B493-5F74A6B34878}.DebugTest_PdfMetafile|Any CPU.ActiveCfg = Debug|Any CPU
		{197B9CBD-4E69-4B81-B493-5F74A6B34878}.DebugTest_PdfMetafile|Any CPU.Build.0 = Debug|Any CPU
		{197B9CBD-4E69-4B81-B493-5F74A6B34878}.DebugTest|Any CPU.ActiveCfg = Debug|Any CPU
		{197B9CBD-4E69-4B81-B493-5F74A6B34878}.DebugTest|Any CPU.Build.0 = Debug|Any CPU
		{197B9CBD-4E69-4B81-B493-5F74A6B34878}.DebugTestTrial|Any CPU.ActiveCfg = Debug|Any CPU
		{197B9CBD-4E69-4B81-B493-5F74A6B34878}.DebugTestTrial|Any CPU.Build.0 = Debug|Any CPU
		{197B9CBD-4E69-4B81-B493-5F74A6B34878}.DebugTestWithGAC|Any CPU.ActiveCfg = Debug|Any CPU
		{197B9CBD-4E69-4B81-B493-5F74A6B34878}.DebugTestWithGAC|Any CPU.Build.0 = Debug|Any CPU
		{197B9CBD-4E69-4B81-B493-5F74A6B34878}.DebugWithGAC|Any CPU.ActiveCfg = Debug|Any CPU
		{197B9CBD-4E69-4B81-B493-5F74A6B34878}.DebugWithGAC|Any CPU.Build.0 = Debug|Any CPU
		{197B9CBD-4E69-4B81-B493-5F74A6B34878}.DebugWithGACResetIIS|Any CPU.ActiveCfg = Debug|Any CPU
		{197B9CBD-4E69-4B81-B493-5F74A6B34878}.DebugWithGACResetIIS|Any CPU.Build.0 = Debug|Any CPU
		{197B9CBD-4E69-4B81-B493-5F74A6B34878}.PerformanceTest|Any CPU.ActiveCfg = Release|Any CPU
		{197B9CBD-4E69-4B81-B493-5F74A6B34878}.PerformanceTest|Any CPU.Build.0 = Release|Any CPU
		{197B9CBD-4E69-4B81-B493-5F74A6B34878}.Release|Any CPU.ActiveCfg = Release|Any CPU
		{197B9CBD-4E69-4B81-B493-5F74A6B34878}.Release|Any CPU.Build.0 = Release|Any CPU
		{197B9CBD-4E69-4B81-B493-5F74A6B34878}.SMALLDEBUGTEST|Any CPU.ActiveCfg = Release|Any CPU
		{197B9CBD-4E69-4B81-B493-5F74A6B34878}.SMALLDEBUGTEST|Any CPU.Build.0 = Release|Any CPU
		{670D04A7-BBF6-449C-A7F4-20FDE81AE2AE}.Debug|Any CPU.ActiveCfg = Debug|Any CPU
		{670D04A7-BBF6-449C-A7F4-20FDE81AE2AE}.Debug|Any CPU.Build.0 = Debug|Any CPU
		{670D04A7-BBF6-449C-A7F4-20FDE81AE2AE}.DebugDiscover|Any CPU.ActiveCfg = Debug|Any CPU
		{670D04A7-BBF6-449C-A7F4-20FDE81AE2AE}.DebugDiscover|Any CPU.Build.0 = Debug|Any CPU
		{670D04A7-BBF6-449C-A7F4-20FDE81AE2AE}.DebugTest_PdfMetafile|Any CPU.ActiveCfg = Debug|Any CPU
		{670D04A7-BBF6-449C-A7F4-20FDE81AE2AE}.DebugTest_PdfMetafile|Any CPU.Build.0 = Debug|Any CPU
		{670D04A7-BBF6-449C-A7F4-20FDE81AE2AE}.DebugTest|Any CPU.ActiveCfg = Debug|Any CPU
		{670D04A7-BBF6-449C-A7F4-20FDE81AE2AE}.DebugTest|Any CPU.Build.0 = Debug|Any CPU
		{670D04A7-BBF6-449C-A7F4-20FDE81AE2AE}.DebugTestTrial|Any CPU.ActiveCfg = Debug|Any CPU
		{670D04A7-BBF6-449C-A7F4-20FDE81AE2AE}.DebugTestTrial|Any CPU.Build.0 = Debug|Any CPU
		{670D04A7-BBF6-449C-A7F4-20FDE81AE2AE}.DebugTestWithGAC|Any CPU.ActiveCfg = Debug|Any CPU
		{670D04A7-BBF6-449C-A7F4-20FDE81AE2AE}.DebugTestWithGAC|Any CPU.Build.0 = Debug|Any CPU
		{670D04A7-BBF6-449C-A7F4-20FDE81AE2AE}.DebugWithGAC|Any CPU.ActiveCfg = Debug|Any CPU
		{670D04A7-BBF6-449C-A7F4-20FDE81AE2AE}.DebugWithGAC|Any CPU.Build.0 = Debug|Any CPU
		{670D04A7-BBF6-449C-A7F4-20FDE81AE2AE}.DebugWithGACResetIIS|Any CPU.ActiveCfg = Debug|Any CPU
		{670D04A7-BBF6-449C-A7F4-20FDE81AE2AE}.DebugWithGACResetIIS|Any CPU.Build.0 = Debug|Any CPU
		{670D04A7-BBF6-449C-A7F4-20FDE81AE2AE}.PerformanceTest|Any CPU.ActiveCfg = Release|Any CPU
		{670D04A7-BBF6-449C-A7F4-20FDE81AE2AE}.PerformanceTest|Any CPU.Build.0 = Release|Any CPU
		{670D04A7-BBF6-449C-A7F4-20FDE81AE2AE}.Release|Any CPU.ActiveCfg = Release|Any CPU
		{670D04A7-BBF6-449C-A7F4-20FDE81AE2AE}.Release|Any CPU.Build.0 = Release|Any CPU
		{670D04A7-BBF6-449C-A7F4-20FDE81AE2AE}.SMALLDEBUGTEST|Any CPU.ActiveCfg = Release|Any CPU
		{670D04A7-BBF6-449C-A7F4-20FDE81AE2AE}.SMALLDEBUGTEST|Any CPU.Build.0 = Release|Any CPU
		{A64B35E9-B19B-4F4F-8B05-CEC6A7071C4B}.Debug|Any CPU.ActiveCfg = Debug|Any CPU
		{A64B35E9-B19B-4F4F-8B05-CEC6A7071C4B}.Debug|Any CPU.Build.0 = Debug|Any CPU
		{A64B35E9-B19B-4F4F-8B05-CEC6A7071C4B}.DebugDiscover|Any CPU.ActiveCfg = DebugTest|Any CPU
		{A64B35E9-B19B-4F4F-8B05-CEC6A7071C4B}.DebugDiscover|Any CPU.Build.0 = DebugTest|Any CPU
		{A64B35E9-B19B-4F4F-8B05-CEC6A7071C4B}.DebugTest_PdfMetafile|Any CPU.ActiveCfg = DebugTest|Any CPU
		{A64B35E9-B19B-4F4F-8B05-CEC6A7071C4B}.DebugTest_PdfMetafile|Any CPU.Build.0 = DebugTest|Any CPU
		{A64B35E9-B19B-4F4F-8B05-CEC6A7071C4B}.DebugTest|Any CPU.ActiveCfg = DebugTest|Any CPU
		{A64B35E9-B19B-4F4F-8B05-CEC6A7071C4B}.DebugTest|Any CPU.Build.0 = DebugTest|Any CPU
		{A64B35E9-B19B-4F4F-8B05-CEC6A7071C4B}.DebugTestTrial|Any CPU.ActiveCfg = DebugTest|Any CPU
		{A64B35E9-B19B-4F4F-8B05-CEC6A7071C4B}.DebugTestTrial|Any CPU.Build.0 = DebugTest|Any CPU
		{A64B35E9-B19B-4F4F-8B05-CEC6A7071C4B}.DebugTestWithGAC|Any CPU.ActiveCfg = DebugTest|Any CPU
		{A64B35E9-B19B-4F4F-8B05-CEC6A7071C4B}.DebugTestWithGAC|Any CPU.Build.0 = DebugTest|Any CPU
		{A64B35E9-B19B-4F4F-8B05-CEC6A7071C4B}.DebugWithGAC|Any CPU.ActiveCfg = DebugTest|Any CPU
		{A64B35E9-B19B-4F4F-8B05-CEC6A7071C4B}.DebugWithGAC|Any CPU.Build.0 = DebugTest|Any CPU
		{A64B35E9-B19B-4F4F-8B05-CEC6A7071C4B}.DebugWithGACResetIIS|Any CPU.ActiveCfg = DebugTest|Any CPU
		{A64B35E9-B19B-4F4F-8B05-CEC6A7071C4B}.DebugWithGACResetIIS|Any CPU.Build.0 = DebugTest|Any CPU
		{A64B35E9-B19B-4F4F-8B05-CEC6A7071C4B}.PerformanceTest|Any CPU.ActiveCfg = DebugTest|Any CPU
		{A64B35E9-B19B-4F4F-8B05-CEC6A7071C4B}.PerformanceTest|Any CPU.Build.0 = DebugTest|Any CPU
		{A64B35E9-B19B-4F4F-8B05-CEC6A7071C4B}.Release|Any CPU.ActiveCfg = Release|Any CPU
		{A64B35E9-B19B-4F4F-8B05-CEC6A7071C4B}.Release|Any CPU.Build.0 = Release|Any CPU
		{A64B35E9-B19B-4F4F-8B05-CEC6A7071C4B}.SMALLDEBUGTEST|Any CPU.ActiveCfg = DebugTest|Any CPU
		{A64B35E9-B19B-4F4F-8B05-CEC6A7071C4B}.SMALLDEBUGTEST|Any CPU.Build.0 = DebugTest|Any CPU
		{F500505A-F0B5-407D-8FDE-0F398CEF6B09}.Debug|Any CPU.ActiveCfg = Debug|Any CPU
		{F500505A-F0B5-407D-8FDE-0F398CEF6B09}.Debug|Any CPU.Build.0 = Debug|Any CPU
		{F500505A-F0B5-407D-8FDE-0F398CEF6B09}.DebugDiscover|Any CPU.ActiveCfg = Debug|Any CPU
		{F500505A-F0B5-407D-8FDE-0F398CEF6B09}.DebugDiscover|Any CPU.Build.0 = Debug|Any CPU
		{F500505A-F0B5-407D-8FDE-0F398CEF6B09}.DebugTest_PdfMetafile|Any CPU.ActiveCfg = Debug|Any CPU
		{F500505A-F0B5-407D-8FDE-0F398CEF6B09}.DebugTest_PdfMetafile|Any CPU.Build.0 = Debug|Any CPU
		{F500505A-F0B5-407D-8FDE-0F398CEF6B09}.DebugTest|Any CPU.ActiveCfg = Debug|Any CPU
		{F500505A-F0B5-407D-8FDE-0F398CEF6B09}.DebugTest|Any CPU.Build.0 = Debug|Any CPU
		{F500505A-F0B5-407D-8FDE-0F398CEF6B09}.DebugTestTrial|Any CPU.ActiveCfg = Debug|Any CPU
		{F500505A-F0B5-407D-8FDE-0F398CEF6B09}.DebugTestTrial|Any CPU.Build.0 = Debug|Any CPU
		{F500505A-F0B5-407D-8FDE-0F398CEF6B09}.DebugTestWithGAC|Any CPU.ActiveCfg = Debug|Any CPU
		{F500505A-F0B5-407D-8FDE-0F398CEF6B09}.DebugTestWithGAC|Any CPU.Build.0 = Debug|Any CPU
		{F500505A-F0B5-407D-8FDE-0F398CEF6B09}.DebugWithGAC|Any CPU.ActiveCfg = Debug|Any CPU
		{F500505A-F0B5-407D-8FDE-0F398CEF6B09}.DebugWithGAC|Any CPU.Build.0 = Debug|Any CPU
		{F500505A-F0B5-407D-8FDE-0F398CEF6B09}.DebugWithGACResetIIS|Any CPU.ActiveCfg = Debug|Any CPU
		{F500505A-F0B5-407D-8FDE-0F398CEF6B09}.DebugWithGACResetIIS|Any CPU.Build.0 = Debug|Any CPU
		{F500505A-F0B5-407D-8FDE-0F398CEF6B09}.PerformanceTest|Any CPU.ActiveCfg = Release|Any CPU
		{F500505A-F0B5-407D-8FDE-0F398CEF6B09}.PerformanceTest|Any CPU.Build.0 = Release|Any CPU
		{F500505A-F0B5-407D-8FDE-0F398CEF6B09}.Release|Any CPU.ActiveCfg = Release|Any CPU
		{F500505A-F0B5-407D-8FDE-0F398CEF6B09}.Release|Any CPU.Build.0 = Release|Any CPU
		{F500505A-F0B5-407D-8FDE-0F398CEF6B09}.SMALLDEBUGTEST|Any CPU.ActiveCfg = Release|Any CPU
		{F500505A-F0B5-407D-8FDE-0F398CEF6B09}.SMALLDEBUGTEST|Any CPU.Build.0 = Release|Any CPU
		{40DFFFE8-29A0-4736-82E0-94F65AA8F58E}.Debug|Any CPU.ActiveCfg = Debug|Any CPU
		{40DFFFE8-29A0-4736-82E0-94F65AA8F58E}.Debug|Any CPU.Build.0 = Debug|Any CPU
		{40DFFFE8-29A0-4736-82E0-94F65AA8F58E}.DebugDiscover|Any CPU.ActiveCfg = DebugTest|Any CPU
		{40DFFFE8-29A0-4736-82E0-94F65AA8F58E}.DebugDiscover|Any CPU.Build.0 = DebugTest|Any CPU
		{40DFFFE8-29A0-4736-82E0-94F65AA8F58E}.DebugTest_PdfMetafile|Any CPU.ActiveCfg = DebugTest|Any CPU
		{40DFFFE8-29A0-4736-82E0-94F65AA8F58E}.DebugTest_PdfMetafile|Any CPU.Build.0 = DebugTest|Any CPU
		{40DFFFE8-29A0-4736-82E0-94F65AA8F58E}.DebugTest|Any CPU.ActiveCfg = DebugTest|Any CPU
		{40DFFFE8-29A0-4736-82E0-94F65AA8F58E}.DebugTest|Any CPU.Build.0 = DebugTest|Any CPU
		{40DFFFE8-29A0-4736-82E0-94F65AA8F58E}.DebugTestTrial|Any CPU.ActiveCfg = DebugTest|Any CPU
		{40DFFFE8-29A0-4736-82E0-94F65AA8F58E}.DebugTestTrial|Any CPU.Build.0 = DebugTest|Any CPU
		{40DFFFE8-29A0-4736-82E0-94F65AA8F58E}.DebugTestWithGAC|Any CPU.ActiveCfg = DebugTest|Any CPU
		{40DFFFE8-29A0-4736-82E0-94F65AA8F58E}.DebugTestWithGAC|Any CPU.Build.0 = DebugTest|Any CPU
		{40DFFFE8-29A0-4736-82E0-94F65AA8F58E}.DebugWithGAC|Any CPU.ActiveCfg = DebugTest|Any CPU
		{40DFFFE8-29A0-4736-82E0-94F65AA8F58E}.DebugWithGAC|Any CPU.Build.0 = DebugTest|Any CPU
		{40DFFFE8-29A0-4736-82E0-94F65AA8F58E}.DebugWithGACResetIIS|Any CPU.ActiveCfg = DebugTest|Any CPU
		{40DFFFE8-29A0-4736-82E0-94F65AA8F58E}.DebugWithGACResetIIS|Any CPU.Build.0 = DebugTest|Any CPU
		{40DFFFE8-29A0-4736-82E0-94F65AA8F58E}.PerformanceTest|Any CPU.ActiveCfg = DebugTest|Any CPU
		{40DFFFE8-29A0-4736-82E0-94F65AA8F58E}.PerformanceTest|Any CPU.Build.0 = DebugTest|Any CPU
		{40DFFFE8-29A0-4736-82E0-94F65AA8F58E}.Release|Any CPU.ActiveCfg = Release|Any CPU
		{40DFFFE8-29A0-4736-82E0-94F65AA8F58E}.Release|Any CPU.Build.0 = Release|Any CPU
		{40DFFFE8-29A0-4736-82E0-94F65AA8F58E}.SMALLDEBUGTEST|Any CPU.ActiveCfg = DebugTest|Any CPU
		{40DFFFE8-29A0-4736-82E0-94F65AA8F58E}.SMALLDEBUGTEST|Any CPU.Build.0 = DebugTest|Any CPU
		{7D9ADD81-188E-4754-8201-717A401B97DD}.Debug|Any CPU.ActiveCfg = Debug|Any CPU
		{7D9ADD81-188E-4754-8201-717A401B97DD}.Debug|Any CPU.Build.0 = Debug|Any CPU
		{7D9ADD81-188E-4754-8201-717A401B97DD}.DebugDiscover|Any CPU.ActiveCfg = Debug|Any CPU
		{7D9ADD81-188E-4754-8201-717A401B97DD}.DebugDiscover|Any CPU.Build.0 = Debug|Any CPU
		{7D9ADD81-188E-4754-8201-717A401B97DD}.DebugTest_PdfMetafile|Any CPU.ActiveCfg = Debug|Any CPU
		{7D9ADD81-188E-4754-8201-717A401B97DD}.DebugTest_PdfMetafile|Any CPU.Build.0 = Debug|Any CPU
		{7D9ADD81-188E-4754-8201-717A401B97DD}.DebugTest|Any CPU.ActiveCfg = Debug|Any CPU
		{7D9ADD81-188E-4754-8201-717A401B97DD}.DebugTest|Any CPU.Build.0 = Debug|Any CPU
		{7D9ADD81-188E-4754-8201-717A401B97DD}.DebugTestTrial|Any CPU.ActiveCfg = Debug|Any CPU
		{7D9ADD81-188E-4754-8201-717A401B97DD}.DebugTestTrial|Any CPU.Build.0 = Debug|Any CPU
		{7D9ADD81-188E-4754-8201-717A401B97DD}.DebugTestWithGAC|Any CPU.ActiveCfg = Debug|Any CPU
		{7D9ADD81-188E-4754-8201-717A401B97DD}.DebugTestWithGAC|Any CPU.Build.0 = Debug|Any CPU
		{7D9ADD81-188E-4754-8201-717A401B97DD}.DebugWithGAC|Any CPU.ActiveCfg = Debug|Any CPU
		{7D9ADD81-188E-4754-8201-717A401B97DD}.DebugWithGAC|Any CPU.Build.0 = Debug|Any CPU
		{7D9ADD81-188E-4754-8201-717A401B97DD}.DebugWithGACResetIIS|Any CPU.ActiveCfg = Debug|Any CPU
		{7D9ADD81-188E-4754-8201-717A401B97DD}.DebugWithGACResetIIS|Any CPU.Build.0 = Debug|Any CPU
		{7D9ADD81-188E-4754-8201-717A401B97DD}.PerformanceTest|Any CPU.ActiveCfg = Release|Any CPU
		{7D9ADD81-188E-4754-8201-717A401B97DD}.PerformanceTest|Any CPU.Build.0 = Release|Any CPU
		{7D9ADD81-188E-4754-8201-717A401B97DD}.Release|Any CPU.ActiveCfg = Release|Any CPU
		{7D9ADD81-188E-4754-8201-717A401B97DD}.Release|Any CPU.Build.0 = Release|Any CPU
		{7D9ADD81-188E-4754-8201-717A401B97DD}.SMALLDEBUGTEST|Any CPU.ActiveCfg = Release|Any CPU
		{7D9ADD81-188E-4754-8201-717A401B97DD}.SMALLDEBUGTEST|Any CPU.Build.0 = Release|Any CPU
	EndGlobalSection
	GlobalSection(SolutionProperties) = preSolution
		HideSolutionNode = FALSE
	EndGlobalSection
	GlobalSection(NestedProjects) = preSolution
		{A64B35E9-B19B-4F4F-8B05-CEC6A7071C4B} = {4D0EA3D8-D7B6-41A9-8802-43DD5E1668E1}
		{F500505A-F0B5-407D-8FDE-0F398CEF6B09} = {4D0EA3D8-D7B6-41A9-8802-43DD5E1668E1}
		{40DFFFE8-29A0-4736-82E0-94F65AA8F58E} = {4D0EA3D8-D7B6-41A9-8802-43DD5E1668E1}
	EndGlobalSection
	GlobalSection(ExtensibilityGlobals) = postSolution
		SolutionGuid = {F77083F0-F101-4C0B-8188-E9471474C624}
	EndGlobalSection
EndGlobal
